PODS:
  - Alamofire (4.5.0)
  - AlamofireObjectMapper (5.0.0):
    - Alamofire (~> 4.1)
    - ObjectMapper (~> 3.0)
  - Bolts (1.8.4):
    - Bolts/AppLinks (= 1.8.4)
    - Bolts/Tasks (= 1.8.4)
  - Bolts/AppLinks (1.8.4):
    - Bolts/Tasks
  - Bolts/Tasks (1.8.4)
  - FBSDKCoreKit (4.23.0):
    - Bolts (~> 1.7)
  - FBSDKLoginKit (4.23.0):
    - FBSDKCoreKit
  - fcm-channel-ios (0.2.2):
    - Alamofire
    - AlamofireObjectMapper (= 5.0.0)
    - IGListKit
    - ISScrollViewPageSwift (= 1.0.0)
    - MBProgressHUD (= 1.0.0)
    - MDHTMLLabel (= 1.0.2)
    - Reusable
    - TPKeyboardAvoiding
  - Firebase/Auth (4.0.4):
    - Firebase/Core
    - FirebaseAuth (= 4.0.0)
  - Firebase/Core (4.0.4):
    - FirebaseAnalytics (= 4.0.2)
    - FirebaseCore (= 4.0.4)
  - Firebase/Database (4.0.4):
    - Firebase/Core
    - FirebaseDatabase (= 4.0.0)
  - Firebase/Messaging (4.0.4):
    - Firebase/Core
    - FirebaseMessaging (= 2.0.0)
  - FirebaseAnalytics (4.0.2):
    - FirebaseCore (~> 4.0)
    - FirebaseInstanceID (~> 2.0)
    - "GoogleToolboxForMac/NSData+zlib (~> 2.1)"
  - FirebaseAuth (4.0.0):
    - FirebaseAnalytics (~> 4.0)
    - "GoogleToolboxForMac/NSDictionary+URLArguments (~> 2.1)"
    - GTMSessionFetcher/Core (~> 1.1)
  - FirebaseCore (4.0.4):
    - "GoogleToolboxForMac/NSData+zlib (~> 2.1)"
    - nanopb (~> 0.3)
  - FirebaseDatabase (4.0.0):
    - FirebaseAnalytics (~> 4.0)
  - FirebaseInstanceID (2.0.2):
    - FirebaseCore (~> 4.0)
  - FirebaseMessaging (2.0.0):
    - FirebaseAnalytics (~> 4.0)
    - FirebaseCore (~> 4.0)
    - FirebaseInstanceID (~> 2.0)
    - GoogleToolboxForMac/Logger (~> 2.1)
    - Protobuf (~> 3.1)
  - GoogleToolboxForMac/DebugUtils (2.1.1):
    - GoogleToolboxForMac/Defines (= 2.1.1)
  - GoogleToolboxForMac/Defines (2.1.1)
  - GoogleToolboxForMac/Logger (2.1.1):
    - GoogleToolboxForMac/Defines (= 2.1.1)
  - "GoogleToolboxForMac/NSData+zlib (2.1.1)":
    - GoogleToolboxForMac/Defines (= 2.1.1)
  - "GoogleToolboxForMac/NSDictionary+URLArguments (2.1.1)":
    - GoogleToolboxForMac/DebugUtils (= 2.1.1)
    - GoogleToolboxForMac/Defines (= 2.1.1)
    - "GoogleToolboxForMac/NSString+URLArguments (= 2.1.1)"
  - "GoogleToolboxForMac/NSString+URLArguments (2.1.1)"
  - GTMSessionFetcher/Core (1.1.11)
  - IGListKit (3.4.0):
    - IGListKit/Default (= 3.4.0)
  - IGListKit/Default (3.4.0):
    - IGListKit/Diffing
  - IGListKit/Diffing (3.4.0)
  - ISScrollViewPageSwift (1.0.0)
  - MBProgressHUD (1.0.0)
  - MDHTMLLabel (1.0.2)
  - nanopb (0.3.8):
    - nanopb/decode (= 0.3.8)
    - nanopb/encode (= 0.3.8)
  - nanopb/decode (0.3.8)
  - nanopb/encode (0.3.8)
  - ObjectMapper (3.3.0)
  - Protobuf (3.4.0)
  - Reusable (4.0.2):
    - Reusable/Storyboard (= 4.0.2)
    - Reusable/View (= 4.0.2)
  - Reusable/Storyboard (4.0.2)
  - Reusable/View (4.0.2)
  - SwiftLint (0.27.0)
  - TPKeyboardAvoiding (1.3)

DEPENDENCIES:
  - Alamofire (= 4.5.0)
  - AlamofireObjectMapper (= 5.0.0)
  - FBSDKCoreKit (= 4.23.0)
  - FBSDKLoginKit (= 4.23.0)
  - fcm-channel-ios (from `../`)
  - Firebase/Auth (= 4.0.4)
  - Firebase/Core (= 4.0.4)
  - Firebase/Database (= 4.0.4)
  - Firebase/Messaging (= 4.0.4)
  - ISScrollViewPageSwift (= 1.0.0)
  - MBProgressHUD (= 1.0.0)
  - MDHTMLLabel (= 1.0.2)
  - SwiftLint
  - TPKeyboardAvoiding (= 1.3)

SPEC REPOS:
  https://github.com/cocoapods/specs.git:
    - Alamofire
    - AlamofireObjectMapper
    - Bolts
    - FBSDKCoreKit
    - FBSDKLoginKit
    - Firebase
    - FirebaseAnalytics
    - FirebaseAuth
    - FirebaseCore
    - FirebaseDatabase
    - FirebaseInstanceID
    - FirebaseMessaging
    - GoogleToolboxForMac
    - GTMSessionFetcher
    - IGListKit
    - ISScrollViewPageSwift
    - MBProgressHUD
    - MDHTMLLabel
    - nanopb
    - ObjectMapper
    - Protobuf
    - Reusable
    - SwiftLint
    - TPKeyboardAvoiding

EXTERNAL SOURCES:
  fcm-channel-ios:
    :path: "../"

SPEC CHECKSUMS:
  Alamofire: f28cdffd29de33a7bfa022cbd63ae95a27fae140
  AlamofireObjectMapper: 5fafc816351cbbc0d486611aaeba7461c0cbad49
  Bolts: 8a7995239dbe724f9cba2248b766d48b7ebdd322
  FBSDKCoreKit: d7829f5a69901cd7296105328e4c3c3fc7da6518
  FBSDKLoginKit: 6b92bd65f319d669d2b0730e49db495ef1660566
  fcm-channel-ios: f2c4cd605ae5dbf7aa36a04f86f8945afd35b2f6
  Firebase: 1492bf04e1b73a7353b4fb2cf5a20bac9692f341
  FirebaseAnalytics: ad41720e3e67fc63fbe3d2948d3e26932a8de311
  FirebaseAuth: ebb6abcbabae00fc47446d690c19ce68d8484fde
  FirebaseCore: cfc042628ef9f20debe09c0eb683135fcd404cb4
  FirebaseDatabase: d829b3a8c3e2ac7a16773c5df226966b0805dfc2
  FirebaseInstanceID: c4c7fca62c7b7330caee5da04f19a37ea37bb1c1
  FirebaseMessaging: 227406c05b0dc9290702d2e9f18ab5528f0c2cf2
  GoogleToolboxForMac: 8e329f1b599f2512c6b10676d45736bcc2cbbeb0
  GTMSessionFetcher: 5ad62e8200fa00ed011fe5e08d27fef72c5b1429
  IGListKit: 7a5d788e9fb746bcd402baa8e8b24bc3bd2a5a07
  ISScrollViewPageSwift: 0f4b7957b3e0f52a37ac8d05d0c2f14da221093c
  MBProgressHUD: 4890f671c94e8a0f3cf959aa731e9de2f036d71a
  MDHTMLLabel: 18bf09ec7d6c1ae396497345c005857c0493ee0a
  nanopb: 5601e6bca2dbf1ed831b519092ec110f66982ca3
  ObjectMapper: b612bf8c8e99c4dc0bb6013a51f7c27966ed5da9
  Protobuf: 03eef2ee0b674770735cf79d9c4d3659cf6908e8
  Reusable: 584a5629747c52e0f6a77841b400dc2643f6fa0f
  SwiftLint: 3207c1faa2240bf8973b191820a116113cd11073
  TPKeyboardAvoiding: a5138f318c06fb3e151f886e18ce4a72695d9cbe

PODFILE CHECKSUM: f565a52b0461d7d4f11607398ab8e592470c47d8

COCOAPODS: 1.5.3
